
Microsoft Visual Studio Solution File, Format Version 12.00
# Visual Studio Version 17
VisualStudioVersion = 17.11.35219.272
MinimumVisualStudioVersion = 10.0.40219.1
Project("{FAE04EC0-301F-11D3-BF4B-00C04F79EFBC}") = "LibraryManagmentSystem.App", "LibraryManagmentSystem.App\LibraryManagmentSystem.App.csproj", "{F7F519A3-6D2A-4562-8385-BE1CD90B00FD}"
EndProject
Global
	GlobalSection(SolutionConfigurationPlatforms) = preSolution
		Debug|Any CPU = Debug|Any CPU
		Release|Any CPU = Release|Any CPU
	EndGlobalSection
	GlobalSection(ProjectConfigurationPlatforms) = postSolution
		{F7F519A3-6D2A-4562-8385-BE1CD90B00FD}.Debug|Any CPU.ActiveCfg = Debug|Any CPU
		{F7F519A3-6D2A-4562-8385-BE1CD90B00FD}.Debug|Any CPU.Build.0 = Debug|Any CPU
		{F7F519A3-6D2A-4562-8385-BE1CD90B00FD}.Release|Any CPU.ActiveCfg = Release|Any CPU
		{F7F519A3-6D2A-4562-8385-BE1CD90B00FD}.Release|Any CPU.Build.0 = Release|Any CPU
	EndGlobalSection
	GlobalSection(SolutionProperties) = preSolution
		HideSolutionNode = FALSE
	EndGlobalSection
	GlobalSection(ExtensibilityGlobals) = postSolution
		SolutionGuid = {944AB4AF-8992-410B-9A28-59670F37F4D8}
	EndGlobalSection
EndGlobal
